{
  "lockfileVersion": 1,
  "configVersion": 1,
  "workspaces": {
    "": {
      "name": "seri-monorepo",
      "devDependencies": {
        "@biomejs/biome": "2.5.7",
      },
    },
    "apps/cli": {
      "name": "seri",
      "version": "0.0.1",
      "dependencies": {
        "@ai-sdk/anthropic": "^4.0.36",
        "@ai-sdk/google": "^4.0.39",
        "@ai-sdk/groq": "^4.0.19",
        "@ai-sdk/mcp": "^2.0.40",
        "@ai-sdk/openai": "^4.0.36",
        "@openrouter/ai-sdk-provider": "^3.0.0",
        "@opentui/core": "0.5.6",
        "@opentui/react": "0.5.6",
        "@seri/daemon-client": "workspace:*",
        "@seri/model-catalog": "workspace:*",
        "@seri/plans": "workspace:*",
        "@vscode/ripgrep": "^1.18.0",
        "ai": "^7.0.47",
        "react": "^19.2.8",
        "yaml": "^2.9.0",
        "zod": "^4.4.3",
      },
      "devDependencies": {
        "@ai-sdk/provider": "^4.0.4",
        "@types/react": "^19.2.0",
        "bun-types": "^1.4.0",
        "node-pty": "^1.0.0",
        "typescript": "^5.7.2",
      },
    },
    "packages/daemon-client": {
      "name": "@seri/daemon-client",
      "version": "0.0.1",
      "devDependencies": {
        "bun-types": "^1.4.0",
        "typescript": "^5.7.2",
      },
    },
    "packages/model-catalog": {
      "name": "@seri/model-catalog",
      "version": "0.0.1",
      "devDependencies": {
        "bun-types": "^1.3.14",
        "typescript": "^5.7.2",
      },
    },
    "packages/plans": {
      "name": "@seri/plans",
      "version": "0.0.1",
      "devDependencies": {
        "bun-types": "^1.3.14",
        "typescript": "^5.7.2",
      },
    },
  },
  "patchedDependencies": {
    "@opentui/core@0.5.6": "patches/@opentui%2Fcore@0.5.6.patch",
  },
  "packages": {
    "@ai-sdk/anthropic": ["@ai-sdk/anthropic@4.0.36", "", { "dependencies": { "@ai-sdk/provider": "4.0.7", "@ai-sdk/provider-utils": "5.0.25" }, "peerDependencies": { "zod": "^3.25.76 || ^4.1.8" } }, "sha512-Wg5jfray0X4+qkrr73GZ7U7K2JNGx+S+rNY9LorVlXhkhTqnvtNLYWRA1WxSxlCDCw3yjRCJdL9kyc+b7naAog=="],

    "@ai-sdk/gateway": ["@ai-sdk/gateway@4.0.46", "", { "dependencies": { "@ai-sdk/provider": "4.0.7", "@ai-sdk/provider-utils": "5.0.25", "@vercel/oidc": "3.2.0" }, "peerDependencies": { "zod": "^3.25.76 || ^4.1.8" } }, "sha512-LIAO6kAG8fpXQb9L0iwPk1FIbXftvqnyC56v5NEAzeWTeL8fUsy/Hx86VPBTWEDFdwbVprjWifJOAqS6AOj3mA=="],

    "@ai-sdk/google": ["@ai-sdk/google@4.0.39", "", { "dependencies": { "@ai-sdk/provider": "4.0.7", "@ai-sdk/provider-utils": "5.0.25" }, "peerDependencies": { "zod": "^3.25.76 || ^4.1.8" } }, "sha512-+mRx7UBZn9PkJ4J6YXowaRZKMZYa290cknVqqOw/roZaDg186IUOLn9JHNQkvgaj91/MLW1AZNESy1ZD2yXDCg=="],

    "@ai-sdk/groq": ["@ai-sdk/groq@4.0.26", "", { "dependencies": { "@ai-sdk/provider": "4.0.7", "@ai-sdk/provider-utils": "5.0.25" }, "peerDependencies": { "zod": "^3.25.76 || ^4.1.8" } }, "sha512-HlOdOYdy9eD12ljEudbU6r/pz90bHNRjI7lieByrvxaq0wDzrvdSa0LkkVUHZRV9gxKnUtYD1gU3MfmX6PZK4w=="],

    "@ai-sdk/mcp": ["@ai-sdk/mcp@2.0.41", "", { "dependencies": { "@ai-sdk/provider": "4.0.9", "@ai-sdk/provider-utils": "5.0.34", "cross-spawn": "^7.0.6", "pkce-challenge": "^5.0.1" }, "peerDependencies": { "zod": "^3.25.76 || ^4.1.8" } }, "sha512-1u3HJYmgehXl1cz7ipi3NO8HrT6SdozZ7DNEh9MXdQE7knAnq70yhD8DIqfRdk/iZ3Net7QRmECUC+R5ISG0SQ=="],

    "@ai-sdk/openai": ["@ai-sdk/openai@4.0.36", "", { "dependencies": { "@ai-sdk/provider": "4.0.7", "@ai-sdk/provider-utils": "5.0.25" }, "peerDependencies": { "zod": "^3.25.76 || ^4.1.8" } }, "sha512-wHJNArBdjJPXb8GXcA+FslbRt+7qIE1KoHSAVi+CeBFidinVrTVBZKFMJz3mNZMj8YILBMl/VIvTD/oGFjX6/g=="],

    "@ai-sdk/provider": ["@ai-sdk/provider@4.0.9", "", { "dependencies": { "json-schema": "^0.4.0" } }, "sha512-XnGXPWiBIfqjsVEud5pOaVneRByJQOu2sYNwlSVJTPCvakdCDkVuYKKfNuStkIpMUYl7JIkBZGBx+B5YfNeVjA=="],

    "@ai-sdk/provider-utils": ["@ai-sdk/provider-utils@5.0.25", "", { "dependencies": { "@ai-sdk/provider": "4.0.7", "@standard-schema/spec": "^1.1.0", "@workflow/serde": "4.1.0", "eventsource-parser": "^3.0.8", "undici": "^7.28.0" }, "peerDependencies": { "zod": "^3.25.76 || ^4.1.8" } }, "sha512-xscPPHCSjCHWrdhai25sbHCJeKNLW/3D1uSpUZa4cEtTKXA8OnPQ3+Rfu1SmM5Ea/Mf8Dfn3cllw9zeMzo/zFA=="],

    "@biomejs/biome": ["@biomejs/biome@2.5.7", "", { "optionalDependencies": { "@biomejs/cli-darwin-arm64": "2.5.7", "@biomejs/cli-darwin-x64": "2.5.7", "@biomejs/cli-linux-arm64": "2.5.7", "@biomejs/cli-linux-arm64-musl": "2.5.7", "@biomejs/cli-linux-x64": "2.5.7", "@biomejs/cli-linux-x64-musl": "2.5.7", "@biomejs/cli-win32-arm64": "2.5.7", "@biomejs/cli-win32-x64": "2.5.7" }, "bin": { "biome": "bin/biome" } }, "sha512-zr8K/DcY5tYsQOQwqMJ0AWElo6QgmgNI7idXgXLhevVszlt8RGVpesEJPqx3ThazLaOwjJ5Y8fz3BtH5fGZNsw=="],

    "@biomejs/cli-darwin-arm64": ["@biomejs/cli-darwin-arm64@2.5.7", "", { "os": "darwin", "cpu": "arm64" }, "sha512-vxo/Ls3/PYdQWyLhYYcgMOCzQypAjcY+iihS8M0wW03l16TCLW4zqZzGo75gm1VdCMj38hTVZ31KBWrZ4G9dJw=="],

    "@biomejs/cli-darwin-x64": ["@biomejs/cli-darwin-x64@2.5.7", "", { "os": "darwin", "cpu": "x64" }, "sha512-Cd3Ga61amT/Yl/0x8elP5hhGYaFy4bw6WuysTgf7oo8TA5tJ5A1k+DkVoJ2BHbTVil51gTX9VPzArnrlLJ3Kyg=="],

    "@biomejs/cli-linux-arm64": ["@biomejs/cli-linux-arm64@2.5.7", "", { "os": "linux", "cpu": "arm64" }, "sha512-rR2QE0yF2GYSuYuKIa7pKvODGJqnOH+2eDREAM8wV+mWKSkMQKdAp4zXEZfTaxY8PMoNONnpgSWcBCyLDPDOKg=="],

    "@biomejs/cli-linux-arm64-musl": ["@biomejs/cli-linux-arm64-musl@2.5.7", "", { "os": "linux", "cpu": "arm64" }, "sha512-xPI5yB6XlpDbNkS+bm1t42olw5c4l3UrlOmLg7KtLJvjvkNF/1V4tnUgfkylGIeb3u/T+BzMGYqgQhzjAoJzuQ=="],

    "@biomejs/cli-linux-x64": ["@biomejs/cli-linux-x64@2.5.7", "", { "os": "linux", "cpu": "x64" }, "sha512-FQgqJhscrqJUFptGaRSUJWlXAExwWcDwLuK49dvKfkQ1bB5SEEyFssnsxQY83Xm6jR0EbbX3+8+D5bfvYqUG2Q=="],

    "@biomejs/cli-linux-x64-musl": ["@biomejs/cli-linux-x64-musl@2.5.7", "", { "os": "linux", "cpu": "x64" }, "sha512-rE5VZi+qtmPgQH+l7jVxYoZ18b/TiHEhulhMpjmCZH1PltSbjRcxNWywC3HZ9tYottG7ORkeTtoscBilKSBm0g=="],

    "@biomejs/cli-win32-arm64": ["@biomejs/cli-win32-arm64@2.5.7", "", { "os": "win32", "cpu": "arm64" }, "sha512-Oq4x0CCwP4jirrcTywXs5kOGZ4v5vuEP+gWrbtjApOA2CL9F3F9GlIdQIci8AKSCa/zURanMRpX/4wQ7Am6hHg=="],

    "@biomejs/cli-win32-x64": ["@biomejs/cli-win32-x64@2.5.7", "", { "os": "win32", "cpu": "x64" }, "sha512-V+0wu/nrj2S+MhP4EQ0uHNolP0IALEsz45pg0WoKkHfDeh0+ItHwP/p7bX5RPoMOl9NkpHYWdYPhIcy2mACHvQ=="],

    "@openrouter/ai-sdk-provider": ["@openrouter/ai-sdk-provider@3.0.0", "", { "peerDependencies": { "ai": "^7.0.0", "zod": "^3.25.76 || ^4.1.8" } }, "sha512-m9XTSWoODH2RM5OsZpaGiN7QRR8cdP5paBWq699Tu3JVmGPBKT8xF8XwV0ZBVVsjikD/JgWfak4VSsTR4wAVbg=="],

    "@opentui/core": ["@opentui/core@0.5.6", "", { "dependencies": { "bun-ffi-structs": "0.3.1", "diff": "9.0.0", "marked": "17.0.1", "string-width": "7.2.0", "strip-ansi": "7.1.2" }, "optionalDependencies": { "@opentui/core-darwin-arm64": "0.5.6", "@opentui/core-darwin-x64": "0.5.6", "@opentui/core-linux-arm64": "0.5.6", "@opentui/core-linux-arm64-musl": "0.5.6", "@opentui/core-linux-x64": "0.5.6", "@opentui/core-linux-x64-musl": "0.5.6", "@opentui/core-win32-arm64": "0.5.6", "@opentui/core-win32-x64": "0.5.6" }, "peerDependencies": { "web-tree-sitter": "0.25.10" } }, "sha512-e38H1VceXoSSOEYmhUeHDE3F3LHXn/sFEZ6NhbXkbYdrkdV+1MMTgEkGZJ9I5fHhBlJdGJ1LDTPw8V0ZSUXSyQ=="],

    "@opentui/core-darwin-arm64": ["@opentui/core-darwin-arm64@0.5.6", "", { "os": "darwin", "cpu": "arm64" }, "sha512-g/OOSSXuFlpLOhLHm8w8MsMh1oGVYlQ7QuW8l6oqG9KIkOg4hkYN5eFnpe6Px1p6cNCw5NOC+198WwdcKhQncg=="],

    "@opentui/core-darwin-x64": ["@opentui/core-darwin-x64@0.5.6", "", { "os": "darwin", "cpu": "x64" }, "sha512-4+z7/CaV27u9JpdooMa6oRIpLwsaA5j1a2xz7Xzm8oWhakeKGZnW0wUJAfStn/sks3NK5tUpF+eKHa9oawGiEw=="],

    "@opentui/core-linux-arm64": ["@opentui/core-linux-arm64@0.5.6", "", { "os": "linux", "cpu": "arm64" }, "sha512-RAiRmosbg7DH4+ZuXRMjEmQmDAWhcRpuQKQ6bGL76nUd6wl/CufBiD7il/FQMQyUGzmQQH0Hu+pVQLz+kAkNJw=="],

    "@opentui/core-linux-arm64-musl": ["@opentui/core-linux-arm64-musl@0.5.6", "", { "os": "linux", "cpu": "arm64" }, "sha512-cMdxhADkuJW0Nkn7pTB43q5Djg4Ch5i3hlC4iLOVkbOgvckKqz8xJHdl7fuqVs8g5LaadGBmZqdlFKjXIMKl2g=="],

    "@opentui/core-linux-x64": ["@opentui/core-linux-x64@0.5.6", "", { "os": "linux", "cpu": "x64" }, "sha512-gzlNauPg5UT5UnWiSIlONRwKnkNA6fjN8SyRGlT3SGvcAox+vT2WeP6TwoJSM6pq5H5MF/tlY+REIqc/ZMGJtQ=="],

    "@opentui/core-linux-x64-musl": ["@opentui/core-linux-x64-musl@0.5.6", "", { "os": "linux", "cpu": "x64" }, "sha512-vb5mn1i1s8/3lp03O6lX3190eN+iVCZxXOl9qCO5BTCXWtFztyIkp5YDad3/20SptcOHcLPKDiRGWNmSkYBrkQ=="],

    "@opentui/core-win32-arm64": ["@opentui/core-win32-arm64@0.5.6", "", { "os": "win32", "cpu": "arm64" }, "sha512-FTSpFrNyuh4k2Z3+KeLVLlryFpe89ZyQcqBE0XcmtgiU3RlXuoMPSj2TtRekukR/FaWw9toDBfWokiQjOJGjrA=="],

    "@opentui/core-win32-x64": ["@opentui/core-win32-x64@0.5.6", "", { "os": "win32", "cpu": "x64" }, "sha512-rWplkCuHX0OxVi7bO8dAVPttzPpCgmz6Bsu1XCm4ErPAhZOofRd5FbeW2+pC71AbLOKicSwI7lQ4mhGCNaweaA=="],

    "@opentui/react": ["@opentui/react@0.5.6", "", { "dependencies": { "@opentui/core": "0.5.6", "react-reconciler": "^0.33.0" }, "peerDependencies": { "react": ">=19.2.0", "react-devtools-core": "^7.0.1", "ws": "^8.18.0" } }, "sha512-dMQTlcD1zlDTQC8r9rZKlHD7CORkY2M5D7tqhgoccoOK9p6q05FqrdRCTYHu1+VZYafqIV0k2IpMY2e34sngiQ=="],

    "@seri/daemon-client": ["@seri/daemon-client@workspace:packages/daemon-client"],

    "@seri/model-catalog": ["@seri/model-catalog@workspace:packages/model-catalog"],

    "@seri/plans": ["@seri/plans@workspace:packages/plans"],

    "@standard-schema/spec": ["@standard-schema/spec@1.1.0", "", {}, "sha512-l2aFy5jALhniG5HgqrD6jXLi/rUWrKvqN/qJx6yoJsgKhblVd+iqqU4RCXavm/jPityDo5TCvKMnpjKnOriy0w=="],

    "@types/node": ["@types/node@26.2.0", "", { "dependencies": { "undici-types": "~8.3.0" } }, "sha512-5IviulTZeRNp2vAJ514cc/HUlY5nZ9fCbq9DMyC52BrhFZACo3nI0R7qBxhQmo/d27NFe96ur/b7Wwxklda+kg=="],

    "@types/react": ["@types/react@19.2.18", "", { "dependencies": { "csstype": "^3.2.2" } }, "sha512-AnzbBERsrLKtk2XSfTbYRLjQPdy116Sty4q+T+Bp3IC4l6jNBvreVPAHmpq9qhXQM7CXZPjLVmGMw9sy+hxQ3w=="],

    "@vercel/oidc": ["@vercel/oidc@3.2.0", "", {}, "sha512-UycprH3T6n3jH0k44NHMa7pnFHGu/N05MjojYr+Mc6I7obkoLIJujSWwin1pCvdy/eOxrI/l3uDLQsmcrOb4ug=="],

    "@vscode/ripgrep": ["@vscode/ripgrep@1.18.0", "", { "optionalDependencies": { "@vscode/ripgrep-darwin-arm64": "1.18.0", "@vscode/ripgrep-darwin-x64": "1.18.0", "@vscode/ripgrep-linux-arm": "1.18.0", "@vscode/ripgrep-linux-arm64": "1.18.0", "@vscode/ripgrep-linux-ia32": "1.18.0", "@vscode/ripgrep-linux-ppc64": "1.18.0", "@vscode/ripgrep-linux-riscv64": "1.18.0", "@vscode/ripgrep-linux-s390x": "1.18.0", "@vscode/ripgrep-linux-x64": "1.18.0", "@vscode/ripgrep-win32-arm64": "1.18.0", "@vscode/ripgrep-win32-ia32": "1.18.0", "@vscode/ripgrep-win32-x64": "1.18.0" } }, "sha512-ns5lWe44tSfbTMbVUsyB+I1819PVSw4AdpgK0RNkzfWfwy6+3IUNSxwSrfTno1/oWaS/hERNz+XLWVyga2aJBQ=="],

    "@vscode/ripgrep-darwin-arm64": ["@vscode/ripgrep-darwin-arm64@1.18.0", "", { "os": "darwin", "cpu": "arm64" }, "sha512-r3ktHSvbFycQNF6sl7sNDPocpsI7J+mEzh1IaZFkY0spm3k2Z9t8hPAeOK7+p0l6p6/swkQC14XWX01low+94Q=="],

    "@vscode/ripgrep-darwin-x64": ["@vscode/ripgrep-darwin-x64@1.18.0", "", { "os": "darwin", "cpu": "x64" }, "sha512-25b4gWbL138dGuQU244ebCKKc0q05ULBMoFSz9oAEUHNeqK/lOJViDS7DRvbDazzAzSEdan391Znks/R5mkaTQ=="],

    "@vscode/ripgrep-linux-arm": ["@vscode/ripgrep-linux-arm@1.18.0", "", { "os": "linux", "cpu": "arm" }, "sha512-GDAvufNDHu8zqLEmXstalQF0Wh6wQvdsBi/Vg3Yi3CK4a8XoFXqqXVEHEZ9xQz3t0NfoSEc9JbvK9DDS6FxyxQ=="],

    "@vscode/ripgrep-linux-arm64": ["@vscode/ripgrep-linux-arm64@1.18.0", "", { "os": "linux", "cpu": "arm64" }, "sha512-lQ/5zTG++U0E3IhVgS4EPTTn/U4okncaRMM5GOFfOYZywS4nuD31GhkHbNYlDk5CuDC68+hYJ0/eQeyCKJDA+g=="],

    "@vscode/ripgrep-linux-ia32": ["@vscode/ripgrep-linux-ia32@1.18.0", "", { "os": "linux", "cpu": "ia32" }, "sha512-YWLkSUtFd4Jh5EepIhA9RJSfv3uMAVMo+2rBIGHPBnvgLrZciIs2cDKei1/p6Wc/aCzUoHyMAg2R6tw4ZCBKGg=="],

    "@vscode/ripgrep-linux-ppc64": ["@vscode/ripgrep-linux-ppc64@1.18.0", "", { "os": "linux", "cpu": "ppc64" }, "sha512-quXVY8fwQ8O/lvU1yrSqSl3jlUzysRSb+AfUfCL/tRtphxsKlFvPAejryZ6vg4Bgvn8XL74xb4qMCDmWgYrT5w=="],

    "@vscode/ripgrep-linux-riscv64": ["@vscode/ripgrep-linux-riscv64@1.18.0", "", { "os": "linux", "cpu": "none" }, "sha512-f5kBQBrWfQt8Q7OhSORuNDei5dkYagBj3y4jImSUXGMy8B/Ke7SltSRcUtjPv166FAFfHCAmWuZp3+cWnX2/Vw=="],

    "@vscode/ripgrep-linux-s390x": ["@vscode/ripgrep-linux-s390x@1.18.0", "", { "os": "linux", "cpu": "s390x" }, "sha512-rTOcJFGGcl2c07RUOWUo4U1ndnemKhY6A9hnMB18uk7jSgJc0d/QLBGWMWpumdtoJtpizn/wIv5mXIisJukusQ=="],

    "@vscode/ripgrep-linux-x64": ["@vscode/ripgrep-linux-x64@1.18.0", "", { "os": "linux", "cpu": "x64" }, "sha512-mQ3bVrUpnD2vs7QT0vX90Lt0cnUq467uFtEktIdsJJmW296RoSULRGqWgzG1AKxyBpNDD6l4ZO4qKf6SgyC23Q=="],

    "@vscode/ripgrep-win32-arm64": ["@vscode/ripgrep-win32-arm64@1.18.0", "", { "os": "win32", "cpu": "arm64" }, "sha512-vfTIjq1OHnzUjxZcHVQAMbnggp8dpGf+0QKFOZHwWPqFwXxQC8eCWM+5NUdoJ6yrElCeMzoUTXoK/LdZaniB+Q=="],

    "@vscode/ripgrep-win32-ia32": ["@vscode/ripgrep-win32-ia32@1.18.0", "", { "os": "win32", "cpu": "ia32" }, "sha512-//rfAE+BOw5AC2EMmepmiE36jUuevtQYNQqqlw1s3m9FlRxjxEut97RkRPHAu9BG4mSojatZx+kXZXNdyI9caQ=="],

    "@vscode/ripgrep-win32-x64": ["@vscode/ripgrep-win32-x64@1.18.0", "", { "os": "win32", "cpu": "x64" }, "sha512-KNPvtElldqILHdnAetujPaowkNbpqJy3ssIGGN6F6Kve9Qi+nNLI2DN01O83JjCEVQbCzl8Ov3QZ9Eov3BR8Dg=="],

    "@workflow/serde": ["@workflow/serde@4.1.0", "", {}, "sha512-pav4F2BoirECWR7Nf1TKt+2eETcBj7jj4cBefQ8VXQCA6NPkaKeLfj/zMgi+3zYV5ZIBT4GuUiphsj0/b9hPQQ=="],

    "ai": ["ai@7.0.58", "", { "dependencies": { "@ai-sdk/gateway": "4.0.46", "@ai-sdk/provider": "4.0.7", "@ai-sdk/provider-utils": "5.0.25" }, "peerDependencies": { "zod": "^3.25.76 || ^4.1.8" } }, "sha512-GfgO90CQQ0yYuoxJAUOeQ6tviyYw1BUIDygSZ1q3Ce6kSc93tYmB5eltKY/NxC0YOouAax7JvDqVnYxvIAr04Q=="],

    "ansi-regex": ["ansi-regex@6.2.2", "", {}, "sha512-Bq3SmSpyFHaWjPk8If9yc6svM8c56dB5BAtW4Qbw5jHTwwXXcTLoRMkpDJp6VL0XzlWaCHTXrkFURMYmD0sLqg=="],

    "bun-ffi-structs": ["bun-ffi-structs@0.3.1", "", { "peerDependencies": { "typescript": "^5" } }, "sha512-3gM7PpVWLyrwxWjcilSiGuhWanhZivvo6l0u573NziPH6f/gwk6McbaYgn7oJWov6pKGRTDbrg94W5DcJsKTtQ=="],

    "bun-types": ["bun-types@1.4.0", "", { "dependencies": { "@types/node": "*" } }, "sha512-iIKw23BspnQQYd3prITOBxeUsxBHnwzX6YJfGMuNOZzeNcMmVqzIIVGRm1l69ogaPQmb4wB6BN8mA5bE9YuC5Q=="],

    "cross-spawn": ["cross-spawn@7.0.6", "", { "dependencies": { "path-key": "^3.1.0", "shebang-command": "^2.0.0", "which": "^2.0.1" } }, "sha512-uV2QOWP2nWzsy2aMp8aRibhi9dlzF5Hgh5SHaB9OiTGEyDTiJJyx0uy51QXdyWbtAHNua4XJzUKca3OzKUd3vA=="],

    "csstype": ["csstype@3.2.3", "", {}, "sha512-z1HGKcYy2xA8AGQfwrn0PAy+PB7X/GSj3UVJW9qKyn43xWa+gl5nXmU4qqLMRzWVLFC8KusUX8T/0kCiOYpAIQ=="],

    "diff": ["diff@9.0.0", "", {}, "sha512-svtcdpS8CgJyqAjEQIXdb3OjhFVVYjzGAPO8WGCmRbrml64SPw/jJD4GoE98aR7r25A0XcgrK3F02yw9R/vhQw=="],

    "emoji-regex": ["emoji-regex@10.6.0", "", {}, "sha512-toUI84YS5YmxW219erniWD0CIVOo46xGKColeNQRgOzDorgBi1v4D71/OFzgD9GO2UGKIv1C3Sp8DAn0+j5w7A=="],

    "eventsource-parser": ["eventsource-parser@3.1.0", "", {}, "sha512-kJezFj9YFAMLeORyi7aCLxLbD5/qWMQnoMVlVPyHIll7lgRJCc3JVln9Vgl9nwQi0YkMnhdGTMNn7CkRRAptMg=="],

    "get-east-asian-width": ["get-east-asian-width@1.6.0", "", {}, "sha512-QRbvDIbx6YklUe6RxeTeleMR0yv3cYH6PsPZHcnVn7xv7zO1BHN8r0XETu8n6Ye3Q+ahtSarc3WgtNWmehIBfA=="],

    "isexe": ["isexe@2.0.0", "", {}, "sha512-RHxMLp9lnKHGHRng9QFhRCMbYAcVpn69smSGcq3f36xjgVVWThj4qqLbTLlq7Ssj8B+fIQ1EuCEGI2lKsyQeIw=="],

    "json-schema": ["json-schema@0.4.0", "", {}, "sha512-es94M3nTIfsEPisRafak+HDLfHXnKBhV3vU5eqPcS3flIWqcxJWgXHXiey3YrpaNsanY5ei1VoYEbOzijuq9BA=="],

    "marked": ["marked@17.0.1", "", { "bin": { "marked": "bin/marked.js" } }, "sha512-boeBdiS0ghpWcSwoNm/jJBwdpFaMnZWRzjA6SkUMYb40SVaN1x7mmfGKp0jvexGcx+7y2La5zRZsYFZI6Qpypg=="],

    "node-addon-api": ["node-addon-api@7.1.1", "", {}, "sha512-5m3bsyrjFWE1xf7nz7YXdN4udnVtXK6/Yfgn5qnahL6bCkf2yKt4k3nuTKAtT4r3IG8JNR2ncsIMdZuAzJjHQQ=="],

    "node-pty": ["node-pty@1.1.0", "", { "dependencies": { "node-addon-api": "^7.1.0" } }, "sha512-20JqtutY6JPXTUnL0ij1uad7Qe1baT46lyolh2sSENDd4sTzKZ4nmAFkeAARDKwmlLjPx6XKRlwRUxwjOy+lUg=="],

    "path-key": ["path-key@3.1.1", "", {}, "sha512-ojmeN0qd+y0jszEtoY48r0Peq5dwMEkIlCOu6Q5f41lfkswXuKtYrhgoTpLnyIcHm24Uhqx+5Tqm2InSwLhE6Q=="],

    "pkce-challenge": ["pkce-challenge@5.0.1", "", {}, "sha512-wQ0b/W4Fr01qtpHlqSqspcj3EhBvimsdh0KlHhH8HRZnMsEa0ea2fTULOXOS9ccQr3om+GcGRk4e+isrZWV8qQ=="],

    "react": ["react@19.2.8", "", {}, "sha512-PWaYA1L/q9u2u7xYQi+Y3L3Yfnie7XyLeaJICV1MGD6LprsBxcAqGjYyr0eY3p+QdsA+x/Irkt4Qif8D63+Sbw=="],

    "react-devtools-core": ["react-devtools-core@7.0.1", "", { "dependencies": { "shell-quote": "^1.6.1", "ws": "^7" } }, "sha512-C3yNvRHaizlpiASzy7b9vbnBGLrhvdhl1CbdU6EnZgxPNbai60szdLtl+VL76UNOt5bOoVTOz5rNWZxgGt+Gsw=="],

    "react-reconciler": ["react-reconciler@0.33.0", "", { "dependencies": { "scheduler": "^0.27.0" }, "peerDependencies": { "react": "^19.2.0" } }, "sha512-KetWRytFv1epdpJc3J4G75I4WrplZE5jOL7Yq0p34+OVOKF4Se7WrdIdVC45XsSSmUTlht2FM/fM1FZb1mfQeA=="],

    "scheduler": ["scheduler@0.27.0", "", {}, "sha512-eNv+WrVbKu1f3vbYJT/xtiF5syA5HPIMtf9IgY/nKg0sWqzAUEvqY/xm7OcZc/qafLx/iO9FgOmeSAp4v5ti/Q=="],

    "seri": ["seri@workspace:apps/cli"],

    "shebang-command": ["shebang-command@2.0.0", "", { "dependencies": { "shebang-regex": "^3.0.0" } }, "sha512-kHxr2zZpYtdmrN1qDjrrX/Z1rR1kG8Dx+gkpK1G4eXmvXswmcE1hTWBWYUzlraYw1/yZp6YuDY77YtvbN0dmDA=="],

    "shebang-regex": ["shebang-regex@3.0.0", "", {}, "sha512-7++dFhtcx3353uBaq8DDR4NuxBetBzC7ZQOhmTQInHEd6bSrXdiEyzCvG07Z44UYdLShWUyXt5M/yhz8ekcb1A=="],

    "shell-quote": ["shell-quote@1.10.0", "", {}, "sha512-w1aiOKwKuRgtwAReIIj89puqg+I7GvX4IbLrvmhXbzQsj1+Zwi4VO3+fa6ZF91TWSjIxoEkKnMeHcLEODK5ZXA=="],

    "string-width": ["string-width@7.2.0", "", { "dependencies": { "emoji-regex": "^10.3.0", "get-east-asian-width": "^1.0.0", "strip-ansi": "^7.1.0" } }, "sha512-tsaTIkKW9b4N+AEj+SVA+WhJzV7/zMhcSu78mLKWSk7cXMOSHsBKFWUs0fWwq8QyK3MgJBQRX6Gbi4kYbdvGkQ=="],

    "strip-ansi": ["strip-ansi@7.1.2", "", { "dependencies": { "ansi-regex": "^6.0.1" } }, "sha512-gmBGslpoQJtgnMAvOVqGZpEz9dyoKTCzy2nfz/n8aIFhN/jCE/rCmcxabB6jOOHV+0WNnylOxaxBQPSvcWklhA=="],

    "typescript": ["typescript@5.9.3", "", { "bin": { "tsc": "bin/tsc", "tsserver": "bin/tsserver" } }, "sha512-jl1vZzPDinLr9eUt3J/t7V6FgNEw9QjvBPdysz9KfQDD41fQrC2Y4vKQdiaUpFT4bXlb1RHhLpp8wtm6M5TgSw=="],

    "undici": ["undici@7.29.0", "", {}, "sha512-IDxfleLmmbSskfWSUATiN1nfn2rDuvnMOqb5CWR92iIfojA0Ud+ulOAAEQ57LPr9rWmsreUyf5lwyao+7GNNVw=="],

    "undici-types": ["undici-types@8.3.0", "", {}, "sha512-j375ScV60dom+YkPFIfTLcOiPxkN/buHz5GobjLhixFuANaNs3C9l4GmrWqejgXWJ7BbJcFYpTEUkS1Ge8bpZQ=="],

    "web-tree-sitter": ["web-tree-sitter@0.25.10", "", { "peerDependencies": { "@types/emscripten": "^1.40.0" }, "optionalPeers": ["@types/emscripten"] }, "sha512-Y09sF44/13XvgVKgO2cNDw5rGk6s26MgoZPXLESvMXeefBf7i6/73eFurre0IsTW6E14Y0ArIzhUMmjoc7xyzA=="],

    "which": ["which@2.0.2", "", { "dependencies": { "isexe": "^2.0.0" }, "bin": { "node-which": "./bin/node-which" } }, "sha512-BLI3Tl1TW3Pvl70l3yq3Y64i+awpwXqsGBYWkkqMtnbXgrMD+yj7rhW0kuEDxzJaYXGjEW5ogapKNMEKNMjibA=="],

    "ws": ["ws@8.21.3", "", { "peerDependencies": { "bufferutil": "^4.0.1", "utf-8-validate": ">=5.0.2" }, "optionalPeers": ["bufferutil", "utf-8-validate"] }, "sha512-201TZ/kPWxoPr/OKWjquZR1SWKXcvxdH+e1xrx89b3YbmzLMFCLfnaG1HFIgWzJOEWZ7MvpK++odZufgYR50Rw=="],

    "yaml": ["yaml@2.9.0", "", { "bin": { "yaml": "bin.mjs" } }, "sha512-2AvhNX3mb8zd6Zy7INTtSpl1F15HW6Wnqj0srWlkKLcpYl/gMIMJiyuGq2KeI2YFxUPjdlB+3Lc10seMLtL4cA=="],

    "zod": ["zod@4.4.3", "", {}, "sha512-ytENFjIJFl2UwYglde2jchW2Hwm4GJFLDiSXWdTrJQBIN9Fcyp7n4DhxJEiWNAJMV1/BqWfW/kkg71UDcHJyTQ=="],

    "@ai-sdk/anthropic/@ai-sdk/provider": ["@ai-sdk/provider@4.0.7", "", { "dependencies": { "json-schema": "^0.4.0" } }, "sha512-6or44XprPzKbr8zkmzosowSE0pxkvJcoojBL+mCZvPUt3kvXp3XSNqeVun9golb1acEfSo6yaEBRT18h2VU+1Q=="],

    "@ai-sdk/gateway/@ai-sdk/provider": ["@ai-sdk/provider@4.0.7", "", { "dependencies": { "json-schema": "^0.4.0" } }, "sha512-6or44XprPzKbr8zkmzosowSE0pxkvJcoojBL+mCZvPUt3kvXp3XSNqeVun9golb1acEfSo6yaEBRT18h2VU+1Q=="],

    "@ai-sdk/google/@ai-sdk/provider": ["@ai-sdk/provider@4.0.7", "", { "dependencies": { "json-schema": "^0.4.0" } }, "sha512-6or44XprPzKbr8zkmzosowSE0pxkvJcoojBL+mCZvPUt3kvXp3XSNqeVun9golb1acEfSo6yaEBRT18h2VU+1Q=="],

    "@ai-sdk/groq/@ai-sdk/provider": ["@ai-sdk/provider@4.0.7", "", { "dependencies": { "json-schema": "^0.4.0" } }, "sha512-6or44XprPzKbr8zkmzosowSE0pxkvJcoojBL+mCZvPUt3kvXp3XSNqeVun9golb1acEfSo6yaEBRT18h2VU+1Q=="],

    "@ai-sdk/mcp/@ai-sdk/provider-utils": ["@ai-sdk/provider-utils@5.0.34", "", { "dependencies": { "@ai-sdk/provider": "4.0.9", "@standard-schema/spec": "^1.1.0", "@workflow/serde": "4.1.0", "eventsource-parser": "^3.0.8", "undici": "^7.28.0" }, "peerDependencies": { "zod": "^3.25.76 || ^4.1.8" } }, "sha512-tRBdgRcys/4d8wyQdOdyYScq1AxfMdMd0hIlwolxJKVIbBwXUgClZuQT0VIsz4e7pylY8FE6utYCCZ494UAMJQ=="],

    "@ai-sdk/openai/@ai-sdk/provider": ["@ai-sdk/provider@4.0.7", "", { "dependencies": { "json-schema": "^0.4.0" } }, "sha512-6or44XprPzKbr8zkmzosowSE0pxkvJcoojBL+mCZvPUt3kvXp3XSNqeVun9golb1acEfSo6yaEBRT18h2VU+1Q=="],

    "@ai-sdk/provider-utils/@ai-sdk/provider": ["@ai-sdk/provider@4.0.7", "", { "dependencies": { "json-schema": "^0.4.0" } }, "sha512-6or44XprPzKbr8zkmzosowSE0pxkvJcoojBL+mCZvPUt3kvXp3XSNqeVun9golb1acEfSo6yaEBRT18h2VU+1Q=="],

    "ai/@ai-sdk/provider": ["@ai-sdk/provider@4.0.7", "", { "dependencies": { "json-schema": "^0.4.0" } }, "sha512-6or44XprPzKbr8zkmzosowSE0pxkvJcoojBL+mCZvPUt3kvXp3XSNqeVun9golb1acEfSo6yaEBRT18h2VU+1Q=="],

    "react-devtools-core/ws": ["ws@7.5.13", "", { "peerDependencies": { "bufferutil": "^4.0.1", "utf-8-validate": "^5.0.2" }, "optionalPeers": ["bufferutil", "utf-8-validate"] }, "sha512-rsKI6xDBFVf4r/x8XyChGK04QR/XHroxs/jUcoWvtEZM8TPU/X/uIY9B1CsSzYws9ZJb/6bbBu7dPhFW00CAoA=="],

    "string-width/strip-ansi": ["strip-ansi@7.2.0", "", { "dependencies": { "ansi-regex": "^6.2.2" } }, "sha512-yDPMNjp4WyfYBkHnjIRLfca1i6KMyGCtsVgoKe/z1+6vukgaENdgGBZt+ZmKPc4gavvEZ5OgHfHdrazhgNyG7w=="],
  }
}
